
Microsoft Visual Studio Solution File, Format Version 12.00
# Visual Studio Version 17
VisualStudioVersion = 17.1.32407.343
MinimumVisualStudioVersion = 10.0.40219.1
Project("{FAE04EC0-301F-11D3-BF4B-00C04F79EFBC}") = "ConnectedSQL", "ConnectedSQL\ConnectedSQL.csproj", "{644333D2-6081-42C2-B7C2-CFA2D22B94EC}"
EndProject
Global
	GlobalSection(SolutionConfigurationPlatforms) = preSolution
		Debug|Any CPU = Debug|Any CPU
		Release|Any CPU = Release|Any CPU
	EndGlobalSection
	GlobalSection(ProjectConfigurationPlatforms) = postSolution
		{644333D2-6081-42C2-B7C2-CFA2D22B94EC}.Debug|Any CPU.ActiveCfg = Debug|Any CPU
		{644333D2-6081-42C2-B7C2-CFA2D22B94EC}.Debug|Any CPU.Build.0 = Debug|Any CPU
		{644333D2-6081-42C2-B7C2-CFA2D22B94EC}.Release|Any CPU.ActiveCfg = Release|Any CPU
		{644333D2-6081-42C2-B7C2-CFA2D22B94EC}.Release|Any CPU.Build.0 = Release|Any CPU
	EndGlobalSection
	GlobalSection(SolutionProperties) = preSolution
		HideSolutionNode = FALSE
	EndGlobalSection
	GlobalSection(ExtensibilityGlobals) = postSolution
		SolutionGuid = {82F8CF33-242A-4747-93E3-7F0E2D45D9AC}
	EndGlobalSection
EndGlobal
